
Microsoft Visual Studio Solution File, Format Version 12.00
# Visual Studio Version 17
VisualStudioVersion = 17.0.32126.317
MinimumVisualStudioVersion = 10.0.40219.1
Project("{FAE04EC0-301F-11D3-BF4B-00C04F79EFBC}") = "random_code_ui", "random_code_ui\random_code_ui.csproj", "{B8CDBD02-506E-44C8-936F-4D9DA6708714}"
EndProject
Global
	GlobalSection(SolutionConfigurationPlatforms) = preSolution
		Debug|Any CPU = Debug|Any CPU
		Debug|x64 = Debug|x64
		Release|Any CPU = Release|Any CPU
		Release|x64 = Release|x64
	EndGlobalSection
	GlobalSection(ProjectConfigurationPlatforms) = postSolution
		{B8CDBD02-506E-44C8-936F-4D9DA6708714}.Debug|Any CPU.ActiveCfg = Debug|Any CPU
		{B8CDBD02-506E-44C8-936F-4D9DA6708714}.Debug|Any CPU.Build.0 = Debug|Any CPU
		{B8CDBD02-506E-44C8-936F-4D9DA6708714}.Debug|x64.ActiveCfg = Debug|x64
		{B8CDBD02-506E-44C8-936F-4D9DA6708714}.Debug|x64.Build.0 = Debug|x64
		{B8CDBD02-506E-44C8-936F-4D9DA6708714}.Release|Any CPU.ActiveCfg = Release|Any CPU
		{B8CDBD02-506E-44C8-936F-4D9DA6708714}.Release|Any CPU.Build.0 = Release|Any CPU
		{B8CDBD02-506E-44C8-936F-4D9DA6708714}.Release|x64.ActiveCfg = Release|x64
		{B8CDBD02-506E-44C8-936F-4D9DA6708714}.Release|x64.Build.0 = Release|x64
	EndGlobalSection
	GlobalSection(SolutionProperties) = preSolution
		HideSolutionNode = FALSE
	EndGlobalSection
	GlobalSection(ExtensibilityGlobals) = postSolution
		SolutionGuid = {4E12B9FA-2659-4A07-A341-90C2709A1EEC}
	EndGlobalSection
EndGlobal
